{
  "requires": true,
  "lockfileVersion": 1,
  "dependencies": {
    "@types/better-queue": {
      "version": "3.8.2",
      "resolved": "https://registry.npmjs.org/@types/better-queue/-/better-queue-3.8.2.tgz",
      "integrity": "sha512-KMFFgojmy10+npJiw/XkY2i+UD96NZmo4L0xuw8DRfEXB4a70rS6YHzqpb7Xgh1+TwWFsIHbsK8fFkvMTxEASA==",
      "requires": {
        "@types/node": "*"
      }
    },
    "@types/lru-cache": {
      "version": "5.1.0",
      "resolved": "https://registry.npmjs.org/@types/lru-cache/-/lru-cache-5.1.0.tgz",
      "integrity": "sha512-RaE0B+14ToE4l6UqdarKPnXwVDuigfFv+5j9Dze/Nqr23yyuqdNvzcZi3xB+3Agvi5R4EOgAksfv3lXX4vBt9w=="
    },
    "@types/node": {
      "version": "13.1.2",
      "resolved": "https://registry.npmjs.org/@types/node/-/node-13.1.2.tgz",
      "integrity": "sha512-B8emQA1qeKerqd1dmIsQYnXi+mmAzTB7flExjmy5X1aVAKFNNNDubkavwR13kR6JnpeLp3aLoJhwn9trWPAyFQ=="
    },
    "better-queue": {
      "version": "3.8.10",
      "resolved": "https://registry.npmjs.org/better-queue/-/better-queue-3.8.10.tgz",
      "integrity": "sha512-e3gwNZgDCnNWl0An0Tz6sUjKDV9m6aB+K9Xg//vYeo8+KiH8pWhLFxkawcXhm6FpM//GfD9IQv/kmvWCAVVpKA==",
      "requires": {
        "better-queue-memory": "^1.0.1",
        "node-eta": "^0.9.0",
        "uuid": "^3.0.0"
      }
    },
    "better-queue-memory": {
      "version": "1.0.4",
      "resolved": "https://registry.npmjs.org/better-queue-memory/-/better-queue-memory-1.0.4.tgz",
      "integrity": "sha512-SWg5wFIShYffEmJpI6LgbL8/3Dqhku7xI1oEiy6FroP9DbcZlG0ZDjxvPdP9t7hTGW40IpIcC6zVoGT1oxjOuA=="
    },
    "google-protobuf": {
      "version": "3.11.2",
      "resolved": "https://registry.npmjs.org/google-protobuf/-/google-protobuf-3.11.2.tgz",
      "integrity": "sha512-T4fin7lcYLUPj2ChUZ4DvfuuHtg3xi1621qeRZt2J7SvOQusOzq+sDT4vbotWTCjUXJoR36CA016LlhtPy80uQ=="
    },
    "node-eta": {
      "version": "0.9.0",
      "resolved": "https://registry.npmjs.org/node-eta/-/node-eta-0.9.0.tgz",
      "integrity": "sha1-n7CwmbzSoCGUDmA8ZCVNwAPZp6g="
    },
    "ts-protoc-gen": {
      "version": "0.12.0",
      "resolved": "https://registry.npmjs.org/ts-protoc-gen/-/ts-protoc-gen-0.12.0.tgz",
      "integrity": "sha512-V7jnICJxKqalBrnJSMTW5tB9sGi48gOC325bfcM7TDNUItVOlaMM//rQmuo49ybipk/SyJTnWXgtJnhHCevNJw==",
      "requires": {
        "google-protobuf": "^3.6.1"
      }
    },
    "uuid": {
      "version": "3.3.3",
      "resolved": "https://registry.npmjs.org/uuid/-/uuid-3.3.3.tgz",
      "integrity": "sha512-pW0No1RGHgzlpHJO1nsVrHKpOEIxkGg1xB+v0ZmdNH5OAeAwzAVrCnI2/6Mtx+Uys6iaylxa+D3g4j63IKKjSQ=="
    }
  }
}
